
Microsoft Visual Studio Solution File, Format Version 12.00
# Visual Studio 14
VisualStudioVersion = 14.0.25420.1
MinimumVisualStudioVersion = 10.0.40219.1
Project("{FAE04EC0-301F-11D3-BF4B-00C04F79EFBC}") = "Tools", "Tools\Tools.csproj", "{830D1B7E-9401-42D9-8165-655D8E4CA3D2}"
EndProject
Project("{FAE04EC0-301F-11D3-BF4B-00C04F79EFBC}") = "Tools.Architectural", "Tools.Architectural\Tools.Architectural.csproj", "{97EA812F-7851-4BAA-B007-C0B1D6CFD466}"
EndProject
Project("{FAE04EC0-301F-11D3-BF4B-00C04F79EFBC}") = "Tools.Applications", "Tools.Applications\Tools.Applications.csproj", "{71D817F8-7AE1-4C9A-A23F-34F2B12E97D0}"
EndProject
Global
	GlobalSection(SolutionConfigurationPlatforms) = preSolution
		Debug|Any CPU = Debug|Any CPU
		Release|Any CPU = Release|Any CPU
	EndGlobalSection
	GlobalSection(ProjectConfigurationPlatforms) = postSolution
		{830D1B7E-9401-42D9-8165-655D8E4CA3D2}.Debug|Any CPU.ActiveCfg = Debug|Any CPU
		{830D1B7E-9401-42D9-8165-655D8E4CA3D2}.Debug|Any CPU.Build.0 = Debug|Any CPU
		{830D1B7E-9401-42D9-8165-655D8E4CA3D2}.Release|Any CPU.ActiveCfg = Release|Any CPU
		{830D1B7E-9401-42D9-8165-655D8E4CA3D2}.Release|Any CPU.Build.0 = Release|Any CPU
		{97EA812F-7851-4BAA-B007-C0B1D6CFD466}.Debug|Any CPU.ActiveCfg = Debug|Any CPU
		{97EA812F-7851-4BAA-B007-C0B1D6CFD466}.Debug|Any CPU.Build.0 = Debug|Any CPU
		{97EA812F-7851-4BAA-B007-C0B1D6CFD466}.Release|Any CPU.ActiveCfg = Release|Any CPU
		{97EA812F-7851-4BAA-B007-C0B1D6CFD466}.Release|Any CPU.Build.0 = Release|Any CPU
		{71D817F8-7AE1-4C9A-A23F-34F2B12E97D0}.Debug|Any CPU.ActiveCfg = Debug|Any CPU
		{71D817F8-7AE1-4C9A-A23F-34F2B12E97D0}.Debug|Any CPU.Build.0 = Debug|Any CPU
		{71D817F8-7AE1-4C9A-A23F-34F2B12E97D0}.Release|Any CPU.ActiveCfg = Release|Any CPU
		{71D817F8-7AE1-4C9A-A23F-34F2B12E97D0}.Release|Any CPU.Build.0 = Release|Any CPU
	EndGlobalSection
	GlobalSection(SolutionProperties) = preSolution
		HideSolutionNode = FALSE
	EndGlobalSection
EndGlobal
